name: zak-visuals-multiprocess
channels:
  - conda-forge
  - defaults
dependencies:
  - _libgcc_mutex=0.1=conda_forge
  - _openmp_mutex=4.5=1_gnu
  - _tflow_select=2.1.0=gpu
  - absl-py=0.11.0=py37h89c1867_0
  - astor=0.8.1=pyh9f0ad1d_0
  - brotlipy=0.7.0=py37hb5d75c8_1001
  - c-ares=1.17.1=h36c2ea0_0
  - ca-certificates=2020.12.5=ha878542_0
  - cached-property=1.5.1=py_0
  - certifi=2020.12.5=py37h89c1867_0
  - cffi=1.14.4=py37hc58025e_1
  - chardet=4.0.0=py37h89c1867_0
  - cryptography=3.3.1=py37h7f0c10b_0
  - cudatoolkit=10.0.130=hf841e97_6
  - cudnn=7.6.5.32=ha8d7eb6_1
  - cupti=10.0.130=0
  - gast=0.2.2=py_0
  - google-pasta=0.2.0=pyh8c360ce_0
  - grpcio=1.34.0=py37hb27c1af_0
  - h5py=3.1.0=nompi_py37h1e651dc_100
  - hdf5=1.10.6=nompi_h6a2412b_1113
  - idna=2.10=pyh9f0ad1d_0
  - importlib-metadata=3.3.0=py37h89c1867_2
  - keras-applications=1.0.8=py_1
  - keras-preprocessing=1.1.0=py_0
  - krb5=1.17.2=h926e7f8_0
  - ld_impl_linux-64=2.35.1=hea4e1c9_1
  - libblas=3.9.0=6_openblas
  - libcblas=3.9.0=6_openblas
  - libcurl=7.71.1=hcdd3856_8
  - libedit=3.1.20191231=he28a2e2_2
  - libev=4.33=h516909a_1
  - libffi=3.3=h58526e2_2
  - libgcc-ng=9.3.0=h5dbcf3e_17
  - libgfortran-ng=9.3.0=he4bcb1c_17
  - libgfortran5=9.3.0=he4bcb1c_17
  - libgomp=9.3.0=h5dbcf3e_17
  - liblapack=3.9.0=6_openblas
  - libnghttp2=1.41.0=h8cfc5f6_2
  - libopenblas=0.3.12=pthreads_h4812303_1
  - libprotobuf=3.14.0=h780b84a_0
  - libssh2=1.9.0=hab1572f_5
  - libstdcxx-ng=9.3.0=h2ae2ef3_17
  - markdown=3.3.3=pyh9f0ad1d_0
  - ncurses=6.2=h58526e2_4
  - numpy=1.19.5=py37haa41c4c_0
  - openssl=1.1.1i=h7f98852_0
  - opt_einsum=3.3.0=py_0
  - pip=20.3.3=pyhd8ed1ab_0
  - protobuf=3.14.0=py37hcd2ae1e_0
  - pycparser=2.20=pyh9f0ad1d_2
  - pyopenssl=20.0.1=pyhd8ed1ab_0
  - pysocks=1.7.1=py37he5f6b98_2
  - python=3.7.9=hffdb5ce_0_cpython
  - python_abi=3.7=1_cp37m
  - readline=8.0=he28a2e2_2
  - requests=2.25.1=pyhd3deb0d_0
  - scipy=1.6.0=py37h14a347d_0
  - setuptools=49.6.0=py37he5f6b98_2
  - six=1.15.0=pyh9f0ad1d_0
  - sqlite=3.34.0=h74cdb3f_0
  - tensorboard=1.15.0=py37_0
  - tensorflow=1.15.0=gpu_py37h0f0df58_0
  - tensorflow-base=1.15.0=gpu_py37h9dcbed7_0
  - tensorflow-estimator=1.15.1=pyh2649769_0
  - tensorflow-gpu=1.15.0=h0d30ee6_0
  - termcolor=1.1.0=py_2
  - tk=8.6.10=h21135ba_1
  - typing_extensions=3.7.4.3=py_0
  - urllib3=1.26.2=pyhd8ed1ab_0
  - werkzeug=0.16.1=py_0
  - wheel=0.36.2=pyhd3deb0d_0
  - wrapt=1.12.1=py37h4abf009_2
  - xz=5.2.5=h516909a_1
  - zipp=3.4.0=py_0
  - zlib=1.2.11=h516909a_1010
  - pip:
    - attrs==20.3.0
    - autopep8==1.5.4
    - flake8==3.8.4
    - gstreamer-python==0.0.3.dev18+gc8d4e04
    - iniconfig==1.1.1
    - mccabe==0.6.1
    - packaging==20.8
    - pluggy==0.13.1
    - py==1.10.0
    - py-cpuinfo==7.0.0
    - pycairo==1.20.0
    - pycodestyle==2.6.0
    - pyflakes==2.2.0
    - pygobject==3.38.0
    - pyparsing==2.4.7
    - pytest==6.2.1
    - pytest-benchmark==3.2.3
    - python-osc==1.7.4
    - toml==0.10.2
prefix: /home/kureta/.conda/envs/zak-visuals-multiprocess
